<?xml version="1.0" encoding="UTF-8"?>
<Scheme
   version = "1.3">
   <BuildAction>
      <BuildActionEntries>
         <BuildActionEntry
            buildForRunning = "YES">
            <BuildableReference
               BuildableIdentifier = "primary"
               BlueprintIdentifier = "15772D322053D3E40032E643"
               BuildableName = "Munchkin Assistant.app"
               BlueprintName = "Munchkin Assistant"
               ReferencedContainer = "container:Munchkin Assistant.xcodeproj">
            </BuildableReference>
         </BuildActionEntry>
      </BuildActionEntries>
   </BuildAction>
   <LaunchAction
      useCustomWorkingDirectory = "NO"
      buildConfiguration = "Debug"
      allowLocationSimulation = "YES">
      <BuildableProductRunnable>
         <BuildableReference
            BuildableIdentifier = "primary"
            BlueprintIdentifier = "15772D322053D3E40032E643"
            BuildableName = "Munchkin Assistant.app"
            BlueprintName = "Munchkin Assistant"
            ReferencedContainer = "container:Munchkin Assistant.xcodeproj">
         </BuildableReference>
      </BuildableProductRunnable>
   </LaunchAction>
</Scheme>
